
Microsoft Visual Studio Solution File, Format Version 12.00
# Visual Studio Version 16
VisualStudioVersion = 16.0.32802.440
MinimumVisualStudioVersion = 10.0.40219.1
Project("{FAE04EC0-301F-11D3-BF4B-00C04F79EFBC}") = "ProNaturBio GmbH", "ProNaturBio GmbH\ProNaturBio GmbH.csproj", "{232B8611-4935-4730-8F00-D93F2A164312}"
EndProject
Global
	GlobalSection(SolutionConfigurationPlatforms) = preSolution
		Debug|Any CPU = Debug|Any CPU
		Release|Any CPU = Release|Any CPU
	EndGlobalSection
	GlobalSection(ProjectConfigurationPlatforms) = postSolution
		{232B8611-4935-4730-8F00-D93F2A164312}.Debug|Any CPU.ActiveCfg = Debug|Any CPU
		{232B8611-4935-4730-8F00-D93F2A164312}.Debug|Any CPU.Build.0 = Debug|Any CPU
		{232B8611-4935-4730-8F00-D93F2A164312}.Release|Any CPU.ActiveCfg = Release|Any CPU
		{232B8611-4935-4730-8F00-D93F2A164312}.Release|Any CPU.Build.0 = Release|Any CPU
	EndGlobalSection
	GlobalSection(SolutionProperties) = preSolution
		HideSolutionNode = FALSE
	EndGlobalSection
	GlobalSection(ExtensibilityGlobals) = postSolution
		SolutionGuid = {EE659958-ACAA-429F-B2F0-C23182E790E7}
	EndGlobalSection
EndGlobal
